{"is_source_file": true, "file_id": 30, "git_revision": "76ebd932fc799c2ae12b3840d543e7f68c5530c1", "state": 1, "description": "", "external_files": [], "external_methods": [], "published": [], "classes": [], "methods": [], "calls": [], "search-terms": [], "filename": "/home/kavia/workspace/code-generation/frogcross-arcade-94191-94215/main_container_for_frogcross_arcade/post_process_status.lock", "hash": "e9b4c3b42cef0193b7fddb548d37e652", "format-version": 4, "code-base-name": "default", "knowledge_revision": 90}